<?xml version="1.0" encoding="utf-8"?>
<Project ToolsVersion="4.0" xmlns="http://schemas.microsoft.com/developer/msbuild/2003">
  <ItemGroup>
    <Filter Include="Source Files">
      <UniqueIdentifier>{4FC737F1-C7A5-4376-A066-2A32D752A2FF}</UniqueIdentifier>
      <Extensions>cpp;c;cc;cxx;c++;cppm;ixx;def;odl;idl;hpj;bat;asm;asmx</Extensions>
    </Filter>
    <Filter Include="Header Files">
      <UniqueIdentifier>{93995380-89BD-4b04-88EB-625FBE52EBFB}</UniqueIdentifier>
      <Extensions>h;hh;hpp;hxx;h++;hm;inl;inc;ipp;xsd</Extensions>
    </Filter>
    <Filter Include="Resource Files">
      <UniqueIdentifier>{67DA6AB6-F800-4c08-8B7A-83BB121AAD01}</UniqueIdentifier>
      <Extensions>rc;ico;cur;bmp;dlg;rc2;rct;bin;rgs;gif;jpg;jpeg;jpe;resx;tiff;tif;png;wav;mfcribbon-ms</Extensions>
    </Filter>
  </ItemGroup>
  <ItemGroup>
    <ClCompile Include="src\Core\main.cpp">
      <Filter>Source Files</Filter>
    </ClCompile>
    <ClCompile Include="src\Core\App.cpp">
      <Filter>Source Files</Filter>
    </ClCompile>
    <ClCompile Include="src\States\Intro_State.cpp">
      <Filter>Source Files</Filter>
    </ClCompile>
    <ClCompile Include="src\States\MainMenu_State.cpp">
      <Filter>Source Files</Filter>
    </ClCompile>
    <ClCompile Include="src\States\Game_State.cpp">
      <Filter>Source Files</Filter>
    </ClCompile>
    <ClCompile Include="src\States\Paused_State.cpp">
      <Filter>Source Files</Filter>
    </ClCompile>
    <ClCompile Include="src\Managers\State_Manager.cpp">
      <Filter>Source Files</Filter>
    </ClCompile>
    <ClCompile Include="src\Managers\Asset_Manager.cpp">
      <Filter>Source Files</Filter>
    </ClCompile>
    <ClCompile Include="src\Managers\Timer_Manager.cpp">
      <Filter>Source Files</Filter>
    </ClCompile>
    <ClCompile Include="src\Core\Timer.cpp">
      <Filter>Source Files</Filter>
    </ClCompile>
    <ClCompile Include="src\Managers\GUI_Manager.cpp">
      <Filter>Source Files</Filter>
    </ClCompile>
    <ClCompile Include="src\Gui\Button.cpp">
      <Filter>Source Files</Filter>
    </ClCompile>
    <ClCompile Include="src\Gui\GUI_Element.cpp">
      <Filter>Source Files</Filter>
    </ClCompile>
    <ClCompile Include="src\Core\Map.cpp">
      <Filter>Source Files</Filter>
    </ClCompile>
    <ClCompile Include="src\Core\Tile.cpp">
      <Filter>Source Files</Filter>
    </ClCompile>
    <ClCompile Include="src\Managers\Entity_Manager.cpp">
      <Filter>Source Files</Filter>
    </ClCompile>
    <ClCompile Include="src\Entity\Entity.cpp">
      <Filter>Source Files</Filter>
    </ClCompile>
    <ClCompile Include="src\Core\Camera.cpp">
      <Filter>Source Files</Filter>
    </ClCompile>
    <ClCompile Include="src\Managers\Input_Manager.cpp">
      <Filter>Source Files</Filter>
    </ClCompile>
    <ClCompile Include="src\Network\Client.cpp">
      <Filter>Source Files</Filter>
    </ClCompile>
    <ClCompile Include="src\Components\AnimatedSprite_Comp.cpp">
      <Filter>Source Files</Filter>
    </ClCompile>
    <ClCompile Include="src\Components\Transform_Comp.cpp">
      <Filter>Source Files</Filter>
    </ClCompile>
    <ClCompile Include="src\Components\Collision_Comp.cpp">
      <Filter>Source Files</Filter>
    </ClCompile>
    <ClCompile Include="src\Systems\MovementSystem.cpp">
      <Filter>Source Files</Filter>
    </ClCompile>
    <ClCompile Include="src\Components\Controller_Comp.cpp">
      <Filter>Source Files</Filter>
    </ClCompile>
  </ItemGroup>
  <ItemGroup>
    <ClInclude Include="src\Core\App.h">
      <Filter>Header Files</Filter>
    </ClInclude>
    <ClInclude Include="src\States\State.h">
      <Filter>Header Files</Filter>
    </ClInclude>
    <ClInclude Include="src\States\Intro_State.h">
      <Filter>Header Files</Filter>
    </ClInclude>
    <ClInclude Include="src\States\MainMenu_State.h">
      <Filter>Header Files</Filter>
    </ClInclude>
    <ClInclude Include="src\States\Game_State.h">
      <Filter>Header Files</Filter>
    </ClInclude>
    <ClInclude Include="src\States\Paused_State.h">
      <Filter>Header Files</Filter>
    </ClInclude>
    <ClInclude Include="src\Managers\State_Manager.h">
      <Filter>Header Files</Filter>
    </ClInclude>
    <ClInclude Include="src\Managers\Asset_Manager.h">
      <Filter>Header Files</Filter>
    </ClInclude>
    <ClInclude Include="src\Managers\Timer_Manager.h">
      <Filter>Header Files</Filter>
    </ClInclude>
    <ClInclude Include="src\Core\Timer.h">
      <Filter>Header Files</Filter>
    </ClInclude>
    <ClInclude Include="src\Managers\GUI_Manager.h">
      <Filter>Header Files</Filter>
    </ClInclude>
    <ClInclude Include="src\Gui\GUI_Element.h">
      <Filter>Header Files</Filter>
    </ClInclude>
    <ClInclude Include="src\Gui\Button.h">
      <Filter>Header Files</Filter>
    </ClInclude>
    <ClInclude Include="src\Core\Map.h">
      <Filter>Header Files</Filter>
    </ClInclude>
    <ClInclude Include="src\Core\Tile.h">
      <Filter>Header Files</Filter>
    </ClInclude>
    <ClInclude Include="src\Entity\Entity.h">
      <Filter>Header Files</Filter>
    </ClInclude>
    <ClInclude Include="src\Managers\Entity_Manager.h">
      <Filter>Header Files</Filter>
    </ClInclude>
    <ClInclude Include="src\Core\Camera.h">
      <Filter>Header Files</Filter>
    </ClInclude>
    <ClInclude Include="src\Managers\Input_Manager.h">
      <Filter>Header Files</Filter>
    </ClInclude>
    <ClInclude Include="src\Network\Client.h">
      <Filter>Header Files</Filter>
    </ClInclude>
    <ClInclude Include="src\Utils\NSS_Math.h">
      <Filter>Header Files</Filter>
    </ClInclude>
    <ClInclude Include="src\Components\AnimatedSprite_Comp.h">
      <Filter>Header Files</Filter>
    </ClInclude>
    <ClInclude Include="src\Components\Transform_Comp.h">
      <Filter>Header Files</Filter>
    </ClInclude>
    <ClInclude Include="src\Components\Collision_Comp.h">
      <Filter>Header Files</Filter>
    </ClInclude>
    <ClInclude Include="src\Components\Base_Comp.h">
      <Filter>Header Files</Filter>
    </ClInclude>
    <ClInclude Include="src\Systems\MovementSystem.h">
      <Filter>Header Files</Filter>
    </ClInclude>
    <ClInclude Include="src\Components\Controller_Comp.h">
      <Filter>Header Files</Filter>
    </ClInclude>
  </ItemGroup>
</Project>